// !$*UTF8*$!
{
	archiveVersion = 1;
	classes = {
	};
	objectVersion = 46;
	objects = {

/* Begin PBXBuildFile section */
		18B9885DF05E86D6DAB4BA8F /* libPods.a in Frameworks */ = {isa = PBXBuildFile; fileRef = 673C8F3E094E334AA1B811DE /* libPods.a */; };
		48039FD01BD1457300CF147A /* UserDetail.m in Sources */ = {isa = PBXBuildFile; fileRef = 48039FCF1BD1457300CF147A /* UserDetail.m */; };
		48039FD31BD145EC00CF147A /* UserDetailModel.m in Sources */ = {isa = PBXBuildFile; fileRef = 48039FD21BD145EC00CF147A /* UserDetailModel.m */; };
		48039FDC1BD3F3DA00CF147A /* EnrollCollectionCell.m in Sources */ = {isa = PBXBuildFile; fileRef = 48039FDB1BD3F3DA00CF147A /* EnrollCollectionCell.m */; };
		48039FDE1BD3F3EB00CF147A /* EnrollCollectionCell.xib in Resources */ = {isa = PBXBuildFile; fileRef = 48039FDD1BD3F3EB00CF147A /* EnrollCollectionCell.xib */; };
		48039FE31BD491F000CF147A /* EnrollCollectionView.m in Sources */ = {isa = PBXBuildFile; fileRef = 48039FE21BD491F000CF147A /* EnrollCollectionView.m */; };
		4820A4C31BB00667006AEC13 /* ActivityTableViewController.m in Sources */ = {isa = PBXBuildFile; fileRef = 4820A4C21BB00667006AEC13 /* ActivityTableViewController.m */; };
		4820A4C71BB0069F006AEC13 /* ActivityTableViewCell.m in Sources */ = {isa = PBXBuildFile; fileRef = 4820A4C51BB0069F006AEC13 /* ActivityTableViewCell.m */; };
		4820A4CC1BB1417D006AEC13 /* RootViewController.m in Sources */ = {isa = PBXBuildFile; fileRef = 4820A4CA1BB1417D006AEC13 /* RootViewController.m */; };
		4820A4CD1BB1417E006AEC13 /* RootViewController.xib in Resources */ = {isa = PBXBuildFile; fileRef = 4820A4CB1BB1417D006AEC13 /* RootViewController.xib */; };
		4820A4D51BB280DD006AEC13 /* uyoung.bundle in Resources */ = {isa = PBXBuildFile; fileRef = 4820A4D41BB280DD006AEC13 /* uyoung.bundle */; };
		4820A4DB1BB2D352006AEC13 /* ActivityModel.m in Sources */ = {isa = PBXBuildFile; fileRef = 4820A4DA1BB2D352006AEC13 /* ActivityModel.m */; };
		483AFDBF1BC817DF0054985D /* ActivityList.m in Sources */ = {isa = PBXBuildFile; fileRef = 483AFDBE1BC817DF0054985D /* ActivityList.m */; };
		483E17D91BAC548E00CDDBD3 /* main.m in Sources */ = {isa = PBXBuildFile; fileRef = 483E17D81BAC548E00CDDBD3 /* main.m */; };
		483E17DC1BAC548E00CDDBD3 /* AppDelegate.m in Sources */ = {isa = PBXBuildFile; fileRef = 483E17DB1BAC548E00CDDBD3 /* AppDelegate.m */; };
		483E17E21BAC548E00CDDBD3 /* Main.storyboard in Resources */ = {isa = PBXBuildFile; fileRef = 483E17E01BAC548E00CDDBD3 /* Main.storyboard */; };
		483E17E41BAC548E00CDDBD3 /* Images.xcassets in Resources */ = {isa = PBXBuildFile; fileRef = 483E17E31BAC548E00CDDBD3 /* Images.xcassets */; };
		483E17E71BAC548E00CDDBD3 /* LaunchScreen.xib in Resources */ = {isa = PBXBuildFile; fileRef = 483E17E51BAC548E00CDDBD3 /* LaunchScreen.xib */; };
		483E17F31BAC548E00CDDBD3 /* uYoungTests.m in Sources */ = {isa = PBXBuildFile; fileRef = 483E17F21BAC548E00CDDBD3 /* uYoungTests.m */; };
		4841A8891BCD33B400F1B4F8 /* UserCenterController.m in Sources */ = {isa = PBXBuildFile; fileRef = 4841A8881BCD33B400F1B4F8 /* UserCenterController.m */; };
		4841A88F1BCD405600F1B4F8 /* UserCenterController.xib in Resources */ = {isa = PBXBuildFile; fileRef = 4841A88E1BCD405600F1B4F8 /* UserCenterController.xib */; };
		48640E931BCFEB230093B702 /* AlbumTableViewController.m in Sources */ = {isa = PBXBuildFile; fileRef = 48640E921BCFEB220093B702 /* AlbumTableViewController.m */; };
		48640E9B1BCFFF930093B702 /* AlbumCoverTableViewCell.m in Sources */ = {isa = PBXBuildFile; fileRef = 48640E9A1BCFFF930093B702 /* AlbumCoverTableViewCell.m */; };
		48640E9D1BCFFFAA0093B702 /* AlbumCoverTableViewCell.xib in Resources */ = {isa = PBXBuildFile; fileRef = 48640E9C1BCFFFAA0093B702 /* AlbumCoverTableViewCell.xib */; };
		48640EA01BD1339D0093B702 /* ActivityDetailModel.m in Sources */ = {isa = PBXBuildFile; fileRef = 48640E9F1BD1339D0093B702 /* ActivityDetailModel.m */; };
		48640EA31BD1361E0093B702 /* ActivityDetail.m in Sources */ = {isa = PBXBuildFile; fileRef = 48640EA21BD1361E0093B702 /* ActivityDetail.m */; };
		4887F5F61BB93276009434A9 /* ActivityDetailViewController.m in Sources */ = {isa = PBXBuildFile; fileRef = 4887F5F41BB93276009434A9 /* ActivityDetailViewController.m */; };
		4887F5F71BB93276009434A9 /* ActivityDetailViewController.xib in Resources */ = {isa = PBXBuildFile; fileRef = 4887F5F51BB93276009434A9 /* ActivityDetailViewController.xib */; };
		48FC417B1BD91040006E44B3 /* AlbumModel.m in Sources */ = {isa = PBXBuildFile; fileRef = 48FC417A1BD91040006E44B3 /* AlbumModel.m */; };
		48FC417E1BD91157006E44B3 /* UserAlbumList.m in Sources */ = {isa = PBXBuildFile; fileRef = 48FC417D1BD91157006E44B3 /* UserAlbumList.m */; };
		48FC41821BDA6962006E44B3 /* LoginViewController.m in Sources */ = {isa = PBXBuildFile; fileRef = 48FC41801BDA6962006E44B3 /* LoginViewController.m */; };
		48FC41831BDA6962006E44B3 /* LoginViewController.xib in Resources */ = {isa = PBXBuildFile; fileRef = 48FC41811BDA6962006E44B3 /* LoginViewController.xib */; };
		841D311B1BB1AC8B005BDEF0 /* ActivityTableViewCell.xib in Resources */ = {isa = PBXBuildFile; fileRef = 841D311A1BB1AC8B005BDEF0 /* ActivityTableViewCell.xib */; };
		847E18371BDFB9AF00882D20 /* TencentOpenAPI.framework in Frameworks */ = {isa = PBXBuildFile; fileRef = 847E18361BDFB9AF00882D20 /* TencentOpenAPI.framework */; };
		847E18391BDFBABD00882D20 /* SystemConfiguration.framework in Frameworks */ = {isa = PBXBuildFile; fileRef = 847E18381BDFBABD00882D20 /* SystemConfiguration.framework */; };
		847E183B1BDFBB3B00882D20 /* TencentOpenApi_IOS_Bundle.bundle in Resources */ = {isa = PBXBuildFile; fileRef = 847E183A1BDFBB3B00882D20 /* TencentOpenApi_IOS_Bundle.bundle */; };
		847E18411BDFCA4600882D20 /* Security.framework in Frameworks */ = {isa = PBXBuildFile; fileRef = 847E18401BDFCA4600882D20 /* Security.framework */; };
		847E18431BDFCAAE00882D20 /* CoreGraphics.framework in Frameworks */ = {isa = PBXBuildFile; fileRef = 847E18421BDFCAAE00882D20 /* CoreGraphics.framework */; };
		847E18451BDFCB4C00882D20 /* libsqlite3.dylib in Frameworks */ = {isa = PBXBuildFile; fileRef = 847E18441BDFCB4C00882D20 /* libsqlite3.dylib */; };
		847E18471BDFCB6F00882D20 /* libiconv.dylib in Frameworks */ = {isa = PBXBuildFile; fileRef = 847E18461BDFCB6F00882D20 /* libiconv.dylib */; };
		847E18491BDFCB7D00882D20 /* CoreTelephony.framework in Frameworks */ = {isa = PBXBuildFile; fileRef = 847E18481BDFCB7D00882D20 /* CoreTelephony.framework */; };
		847E184B1BDFCB9E00882D20 /* libstdc++.dylib in Frameworks */ = {isa = PBXBuildFile; fileRef = 847E184A1BDFCB9E00882D20 /* libstdc++.dylib */; };
		847E184D1BDFCBB700882D20 /* libz.dylib in Frameworks */ = {isa = PBXBuildFile; fileRef = 847E184C1BDFCBB700882D20 /* libz.dylib */; };
/* End PBXBuildFile section */

/* Begin PBXContainerItemProxy section */
		483E17ED1BAC548E00CDDBD3 /* PBXContainerItemProxy */ = {
			isa = PBXContainerItemProxy;
			containerPortal = 483E17CB1BAC548E00CDDBD3 /* Project object */;
			proxyType = 1;
			remoteGlobalIDString = 483E17D21BAC548E00CDDBD3;
			remoteInfo = uYoung;
		};
/* End PBXContainerItemProxy section */

/* Begin PBXFileReference section */
		3A896116CED627EBB572AEEE /* Pods.release.xcconfig */ = {isa = PBXFileReference; includeInIndex = 1; lastKnownFileType = text.xcconfig; name = Pods.release.xcconfig; path = "Pods/Target Support Files/Pods/Pods.release.xcconfig"; sourceTree = "<group>"; };
		48039FCE1BD1457300CF147A /* UserDetail.h */ = {isa = PBXFileReference; fileEncoding = 4; lastKnownFileType = sourcecode.c.h; path = UserDetail.h; sourceTree = "<group>"; };
		48039FCF1BD1457300CF147A /* UserDetail.m */ = {isa = PBXFileReference; fileEncoding = 4; lastKnownFileType = sourcecode.c.objc; path = UserDetail.m; sourceTree = "<group>"; };
		48039FD11BD145EC00CF147A /* UserDetailModel.h */ = {isa = PBXFileReference; fileEncoding = 4; lastKnownFileType = sourcecode.c.h; path = UserDetailModel.h; sourceTree = "<group>"; };
		48039FD21BD145EC00CF147A /* UserDetailModel.m */ = {isa = PBXFileReference; fileEncoding = 4; lastKnownFileType = sourcecode.c.objc; path = UserDetailModel.m; sourceTree = "<group>"; };
		48039FDA1BD3F3DA00CF147A /* EnrollCollectionCell.h */ = {isa = PBXFileReference; fileEncoding = 4; lastKnownFileType = sourcecode.c.h; path = EnrollCollectionCell.h; sourceTree = "<group>"; };
		48039FDB1BD3F3DA00CF147A /* EnrollCollectionCell.m */ = {isa = PBXFileReference; fileEncoding = 4; lastKnownFileType = sourcecode.c.objc; path = EnrollCollectionCell.m; sourceTree = "<group>"; };
		48039FDD1BD3F3EB00CF147A /* EnrollCollectionCell.xib */ = {isa = PBXFileReference; fileEncoding = 4; lastKnownFileType = file.xib; path = EnrollCollectionCell.xib; sourceTree = "<group>"; };
		48039FE11BD491F000CF147A /* EnrollCollectionView.h */ = {isa = PBXFileReference; fileEncoding = 4; lastKnownFileType = sourcecode.c.h; path = EnrollCollectionView.h; sourceTree = "<group>"; };
		48039FE21BD491F000CF147A /* EnrollCollectionView.m */ = {isa = PBXFileReference; fileEncoding = 4; lastKnownFileType = sourcecode.c.objc; path = EnrollCollectionView.m; sourceTree = "<group>"; };
		4820A4C11BB00667006AEC13 /* ActivityTableViewController.h */ = {isa = PBXFileReference; fileEncoding = 4; lastKnownFileType = sourcecode.c.h; path = ActivityTableViewController.h; sourceTree = "<group>"; };
		4820A4C21BB00667006AEC13 /* ActivityTableViewController.m */ = {isa = PBXFileReference; fileEncoding = 4; lastKnownFileType = sourcecode.c.objc; path = ActivityTableViewController.m; sourceTree = "<group>"; };
		4820A4C41BB0069F006AEC13 /* ActivityTableViewCell.h */ = {isa = PBXFileReference; fileEncoding = 4; lastKnownFileType = sourcecode.c.h; path = ActivityTableViewCell.h; sourceTree = "<group>"; };
		4820A4C51BB0069F006AEC13 /* ActivityTableViewCell.m */ = {isa = PBXFileReference; fileEncoding = 4; lastKnownFileType = sourcecode.c.objc; path = ActivityTableViewCell.m; sourceTree = "<group>"; };
		4820A4C91BB1417D006AEC13 /* RootViewController.h */ = {isa = PBXFileReference; fileEncoding = 4; lastKnownFileType = sourcecode.c.h; path = RootViewController.h; sourceTree = "<group>"; };
		4820A4CA1BB1417D006AEC13 /* RootViewController.m */ = {isa = PBXFileReference; fileEncoding = 4; lastKnownFileType = sourcecode.c.objc; path = RootViewController.m; sourceTree = "<group>"; };
		4820A4CB1BB1417D006AEC13 /* RootViewController.xib */ = {isa = PBXFileReference; fileEncoding = 4; lastKnownFileType = file.xib; path = RootViewController.xib; sourceTree = "<group>"; };
		4820A4D11BB25179006AEC13 /* GlobalConfig.h */ = {isa = PBXFileReference; fileEncoding = 4; lastKnownFileType = sourcecode.c.h; path = GlobalConfig.h; sourceTree = "<group>"; };
		4820A4D41BB280DD006AEC13 /* uyoung.bundle */ = {isa = PBXFileReference; lastKnownFileType = "wrapper.plug-in"; path = uyoung.bundle; sourceTree = "<group>"; };
		4820A4D91BB2D352006AEC13 /* ActivityModel.h */ = {isa = PBXFileReference; fileEncoding = 4; lastKnownFileType = sourcecode.c.h; path = ActivityModel.h; sourceTree = "<group>"; };
		4820A4DA1BB2D352006AEC13 /* ActivityModel.m */ = {isa = PBXFileReference; fileEncoding = 4; lastKnownFileType = sourcecode.c.objc; path = ActivityModel.m; sourceTree = "<group>"; };
		483AFDBD1BC817DF0054985D /* ActivityList.h */ = {isa = PBXFileReference; fileEncoding = 4; lastKnownFileType = sourcecode.c.h; path = ActivityList.h; sourceTree = "<group>"; };
		483AFDBE1BC817DF0054985D /* ActivityList.m */ = {isa = PBXFileReference; fileEncoding = 4; lastKnownFileType = sourcecode.c.objc; path = ActivityList.m; sourceTree = "<group>"; };
		483E17D31BAC548E00CDDBD3 /* uYoung.app */ = {isa = PBXFileReference; explicitFileType = wrapper.application; includeInIndex = 0; path = uYoung.app; sourceTree = BUILT_PRODUCTS_DIR; };
		483E17D71BAC548E00CDDBD3 /* Info.plist */ = {isa = PBXFileReference; lastKnownFileType = text.plist.xml; path = Info.plist; sourceTree = "<group>"; };
		483E17D81BAC548E00CDDBD3 /* main.m */ = {isa = PBXFileReference; lastKnownFileType = sourcecode.c.objc; path = main.m; sourceTree = "<group>"; };
		483E17DA1BAC548E00CDDBD3 /* AppDelegate.h */ = {isa = PBXFileReference; lastKnownFileType = sourcecode.c.h; path = AppDelegate.h; sourceTree = "<group>"; };
		483E17DB1BAC548E00CDDBD3 /* AppDelegate.m */ = {isa = PBXFileReference; lastKnownFileType = sourcecode.c.objc; path = AppDelegate.m; sourceTree = "<group>"; };
		483E17E11BAC548E00CDDBD3 /* Base */ = {isa = PBXFileReference; lastKnownFileType = file.storyboard; name = Base; path = Base.lproj/Main.storyboard; sourceTree = "<group>"; };
		483E17E31BAC548E00CDDBD3 /* Images.xcassets */ = {isa = PBXFileReference; lastKnownFileType = folder.assetcatalog; path = Images.xcassets; sourceTree = "<group>"; };
		483E17E61BAC548E00CDDBD3 /* Base */ = {isa = PBXFileReference; lastKnownFileType = file.xib; name = Base; path = Base.lproj/LaunchScreen.xib; sourceTree = "<group>"; };
		483E17EC1BAC548E00CDDBD3 /* uYoungTests.xctest */ = {isa = PBXFileReference; explicitFileType = wrapper.cfbundle; includeInIndex = 0; path = uYoungTests.xctest; sourceTree = BUILT_PRODUCTS_DIR; };
		483E17F11BAC548E00CDDBD3 /* Info.plist */ = {isa = PBXFileReference; lastKnownFileType = text.plist.xml; path = Info.plist; sourceTree = "<group>"; };
		483E17F21BAC548E00CDDBD3 /* uYoungTests.m */ = {isa = PBXFileReference; lastKnownFileType = sourcecode.c.objc; path = uYoungTests.m; sourceTree = "<group>"; };
		4841A8871BCD33B400F1B4F8 /* UserCenterController.h */ = {isa = PBXFileReference; fileEncoding = 4; lastKnownFileType = sourcecode.c.h; path = UserCenterController.h; sourceTree = "<group>"; };
		4841A8881BCD33B400F1B4F8 /* UserCenterController.m */ = {isa = PBXFileReference; fileEncoding = 4; lastKnownFileType = sourcecode.c.objc; path = UserCenterController.m; sourceTree = "<group>"; };
		4841A88E1BCD405600F1B4F8 /* UserCenterController.xib */ = {isa = PBXFileReference; fileEncoding = 4; lastKnownFileType = file.xib; path = UserCenterController.xib; sourceTree = "<group>"; };
		48640E911BCFEB220093B702 /* AlbumTableViewController.h */ = {isa = PBXFileReference; fileEncoding = 4; lastKnownFileType = sourcecode.c.h; path = AlbumTableViewController.h; sourceTree = "<group>"; };
		48640E921BCFEB220093B702 /* AlbumTableViewController.m */ = {isa = PBXFileReference; fileEncoding = 4; lastKnownFileType = sourcecode.c.objc; path = AlbumTableViewController.m; sourceTree = "<group>"; };
		48640E991BCFFF930093B702 /* AlbumCoverTableViewCell.h */ = {isa = PBXFileReference; fileEncoding = 4; lastKnownFileType = sourcecode.c.h; path = AlbumCoverTableViewCell.h; sourceTree = "<group>"; };
		48640E9A1BCFFF930093B702 /* AlbumCoverTableViewCell.m */ = {isa = PBXFileReference; fileEncoding = 4; lastKnownFileType = sourcecode.c.objc; path = AlbumCoverTableViewCell.m; sourceTree = "<group>"; };
		48640E9C1BCFFFAA0093B702 /* AlbumCoverTableViewCell.xib */ = {isa = PBXFileReference; fileEncoding = 4; lastKnownFileType = file.xib; path = AlbumCoverTableViewCell.xib; sourceTree = "<group>"; };
		48640E9E1BD1339D0093B702 /* ActivityDetailModel.h */ = {isa = PBXFileReference; fileEncoding = 4; lastKnownFileType = sourcecode.c.h; path = ActivityDetailModel.h; sourceTree = "<group>"; };
		48640E9F1BD1339D0093B702 /* ActivityDetailModel.m */ = {isa = PBXFileReference; fileEncoding = 4; lastKnownFileType = sourcecode.c.objc; path = ActivityDetailModel.m; sourceTree = "<group>"; };
		48640EA11BD1361E0093B702 /* ActivityDetail.h */ = {isa = PBXFileReference; fileEncoding = 4; lastKnownFileType = sourcecode.c.h; path = ActivityDetail.h; sourceTree = "<group>"; };
		48640EA21BD1361E0093B702 /* ActivityDetail.m */ = {isa = PBXFileReference; fileEncoding = 4; lastKnownFileType = sourcecode.c.objc; path = ActivityDetail.m; sourceTree = "<group>"; };
		4887F5F31BB93276009434A9 /* ActivityDetailViewController.h */ = {isa = PBXFileReference; fileEncoding = 4; lastKnownFileType = sourcecode.c.h; path = ActivityDetailViewController.h; sourceTree = "<group>"; };
		4887F5F41BB93276009434A9 /* ActivityDetailViewController.m */ = {isa = PBXFileReference; fileEncoding = 4; lastKnownFileType = sourcecode.c.objc; path = ActivityDetailViewController.m; sourceTree = "<group>"; };
		4887F5F51BB93276009434A9 /* ActivityDetailViewController.xib */ = {isa = PBXFileReference; fileEncoding = 4; lastKnownFileType = file.xib; path = ActivityDetailViewController.xib; sourceTree = "<group>"; };
		48E737C61BAFFB8300C35871 /* libAFNetworking.a */ = {isa = PBXFileReference; lastKnownFileType = archive.ar; name = libAFNetworking.a; path = "Pods/../build/Debug-iphoneos/libAFNetworking.a"; sourceTree = "<group>"; };
		48E737C71BAFFB8300C35871 /* libDTCoreText.a */ = {isa = PBXFileReference; lastKnownFileType = archive.ar; name = libDTCoreText.a; path = "Pods/../build/Debug-iphoneos/libDTCoreText.a"; sourceTree = "<group>"; };
		48E737C81BAFFB8300C35871 /* libDTFoundation.a */ = {isa = PBXFileReference; lastKnownFileType = archive.ar; name = libDTFoundation.a; path = "Pods/../build/Debug-iphoneos/libDTFoundation.a"; sourceTree = "<group>"; };
		48FC41791BD91040006E44B3 /* AlbumModel.h */ = {isa = PBXFileReference; fileEncoding = 4; lastKnownFileType = sourcecode.c.h; path = AlbumModel.h; sourceTree = "<group>"; };
		48FC417A1BD91040006E44B3 /* AlbumModel.m */ = {isa = PBXFileReference; fileEncoding = 4; lastKnownFileType = sourcecode.c.objc; path = AlbumModel.m; sourceTree = "<group>"; };
		48FC417C1BD91157006E44B3 /* UserAlbumList.h */ = {isa = PBXFileReference; fileEncoding = 4; lastKnownFileType = sourcecode.c.h; path = UserAlbumList.h; sourceTree = "<group>"; };
		48FC417D1BD91157006E44B3 /* UserAlbumList.m */ = {isa = PBXFileReference; fileEncoding = 4; lastKnownFileType = sourcecode.c.objc; path = UserAlbumList.m; sourceTree = "<group>"; };
		48FC417F1BDA6962006E44B3 /* LoginViewController.h */ = {isa = PBXFileReference; fileEncoding = 4; lastKnownFileType = sourcecode.c.h; path = LoginViewController.h; sourceTree = "<group>"; };
		48FC41801BDA6962006E44B3 /* LoginViewController.m */ = {isa = PBXFileReference; fileEncoding = 4; lastKnownFileType = sourcecode.c.objc; path = LoginViewController.m; sourceTree = "<group>"; };
		48FC41811BDA6962006E44B3 /* LoginViewController.xib */ = {isa = PBXFileReference; fileEncoding = 4; lastKnownFileType = file.xib; path = LoginViewController.xib; sourceTree = "<group>"; };
		673C8F3E094E334AA1B811DE /* libPods.a */ = {isa = PBXFileReference; explicitFileType = archive.ar; includeInIndex = 0; path = libPods.a; sourceTree = BUILT_PRODUCTS_DIR; };
		841D311A1BB1AC8B005BDEF0 /* ActivityTableViewCell.xib */ = {isa = PBXFileReference; fileEncoding = 4; lastKnownFileType = file.xib; path = ActivityTableViewCell.xib; sourceTree = "<group>"; };
		847E18361BDFB9AF00882D20 /* TencentOpenAPI.framework */ = {isa = PBXFileReference; lastKnownFileType = wrapper.framework; path = TencentOpenAPI.framework; sourceTree = "<group>"; };
		847E18381BDFBABD00882D20 /* SystemConfiguration.framework */ = {isa = PBXFileReference; lastKnownFileType = wrapper.framework; name = SystemConfiguration.framework; path = System/Library/Frameworks/SystemConfiguration.framework; sourceTree = SDKROOT; };
		847E183A1BDFBB3B00882D20 /* TencentOpenApi_IOS_Bundle.bundle */ = {isa = PBXFileReference; lastKnownFileType = "wrapper.plug-in"; path = TencentOpenApi_IOS_Bundle.bundle; sourceTree = "<group>"; };
		847E18401BDFCA4600882D20 /* Security.framework */ = {isa = PBXFileReference; lastKnownFileType = wrapper.framework; name = Security.framework; path = System/Library/Frameworks/Security.framework; sourceTree = SDKROOT; };
		847E18421BDFCAAE00882D20 /* CoreGraphics.framework */ = {isa = PBXFileReference; lastKnownFileType = wrapper.framework; name = CoreGraphics.framework; path = System/Library/Frameworks/CoreGraphics.framework; sourceTree = SDKROOT; };
		847E18441BDFCB4C00882D20 /* libsqlite3.dylib */ = {isa = PBXFileReference; lastKnownFileType = "compiled.mach-o.dylib"; name = libsqlite3.dylib; path = "../../Library/Developer/Xcode/iOS DeviceSupport/6.1.3 (10B329)/Symbols/usr/lib/libsqlite3.dylib"; sourceTree = "<group>"; };
		847E18461BDFCB6F00882D20 /* libiconv.dylib */ = {isa = PBXFileReference; lastKnownFileType = "compiled.mach-o.dylib"; name = libiconv.dylib; path = "../../Library/Developer/Xcode/iOS DeviceSupport/6.1.3 (10B329)/Symbols/usr/lib/libiconv.dylib"; sourceTree = "<group>"; };
		847E18481BDFCB7D00882D20 /* CoreTelephony.framework */ = {isa = PBXFileReference; lastKnownFileType = wrapper.framework; name = CoreTelephony.framework; path = System/Library/Frameworks/CoreTelephony.framework; sourceTree = SDKROOT; };
		847E184A1BDFCB9E00882D20 /* libstdc++.dylib */ = {isa = PBXFileReference; lastKnownFileType = "compiled.mach-o.dylib"; name = "libstdc++.dylib"; path = "../../Library/Developer/Xcode/iOS DeviceSupport/6.1.3 (10B329)/Symbols/usr/lib/libstdc++.dylib"; sourceTree = "<group>"; };
		847E184C1BDFCBB700882D20 /* libz.dylib */ = {isa = PBXFileReference; lastKnownFileType = "compiled.mach-o.dylib"; name = libz.dylib; path = "../../Library/Developer/Xcode/iOS DeviceSupport/6.1.3 (10B329)/Symbols/usr/lib/libz.dylib"; sourceTree = "<group>"; };
		9D08BBB1C24791104EE7BE92 /* Pods.debug.xcconfig */ = {isa = PBXFileReference; includeInIndex = 1; lastKnownFileType = text.xcconfig; name = Pods.debug.xcconfig; path = "Pods/Target Support Files/Pods/Pods.debug.xcconfig"; sourceTree = "<group>"; };
/* End PBXFileReference section */

/* Begin PBXFrameworksBuildPhase section */
		483E17D01BAC548E00CDDBD3 /* Frameworks */ = {
			isa = PBXFrameworksBuildPhase;
			buildActionMask = 2147483647;
			files = (
				847E184D1BDFCBB700882D20 /* libz.dylib in Frameworks */,
				847E184B1BDFCB9E00882D20 /* libstdc++.dylib in Frameworks */,
				847E18491BDFCB7D00882D20 /* CoreTelephony.framework in Frameworks */,
				847E18471BDFCB6F00882D20 /* libiconv.dylib in Frameworks */,
				847E18451BDFCB4C00882D20 /* libsqlite3.dylib in Frameworks */,
				847E18431BDFCAAE00882D20 /* CoreGraphics.framework in Frameworks */,
				847E18411BDFCA4600882D20 /* Security.framework in Frameworks */,
				847E18391BDFBABD00882D20 /* SystemConfiguration.framework in Frameworks */,
				18B9885DF05E86D6DAB4BA8F /* libPods.a in Frameworks */,
				847E18371BDFB9AF00882D20 /* TencentOpenAPI.framework in Frameworks */,
			);
			runOnlyForDeploymentPostprocessing = 0;
		};
		483E17E91BAC548E00CDDBD3 /* Frameworks */ = {
			isa = PBXFrameworksBuildPhase;
			buildActionMask = 2147483647;
			files = (
			);
			runOnlyForDeploymentPostprocessing = 0;
		};
/* End PBXFrameworksBuildPhase section */

/* Begin PBXGroup section */
		4277B826B647482D792A3320 /* Frameworks */ = {
			isa = PBXGroup;
			children = (
				847E184C1BDFCBB700882D20 /* libz.dylib */,
				847E184A1BDFCB9E00882D20 /* libstdc++.dylib */,
				847E18481BDFCB7D00882D20 /* CoreTelephony.framework */,
				847E18461BDFCB6F00882D20 /* libiconv.dylib */,
				847E18441BDFCB4C00882D20 /* libsqlite3.dylib */,
				847E18421BDFCAAE00882D20 /* CoreGraphics.framework */,
				847E18401BDFCA4600882D20 /* Security.framework */,
				847E18381BDFBABD00882D20 /* SystemConfiguration.framework */,
				847E18361BDFB9AF00882D20 /* TencentOpenAPI.framework */,
				48E737C61BAFFB8300C35871 /* libAFNetworking.a */,
				48E737C71BAFFB8300C35871 /* libDTCoreText.a */,
				48E737C81BAFFB8300C35871 /* libDTFoundation.a */,
				673C8F3E094E334AA1B811DE /* libPods.a */,
			);
			name = Frameworks;
			sourceTree = "<group>";
		};
		43FF4F9F80CBD86F730D18C1 /* Pods */ = {
			isa = PBXGroup;
			children = (
				9D08BBB1C24791104EE7BE92 /* Pods.debug.xcconfig */,
				3A896116CED627EBB572AEEE /* Pods.release.xcconfig */,
			);
			name = Pods;
			sourceTree = "<group>";
		};
		4820A4BA1BB00567006AEC13 /* networking */ = {
			isa = PBXGroup;
			children = (
				483AFDBD1BC817DF0054985D /* ActivityList.h */,
				483AFDBE1BC817DF0054985D /* ActivityList.m */,
				48640EA11BD1361E0093B702 /* ActivityDetail.h */,
				48640EA21BD1361E0093B702 /* ActivityDetail.m */,
				48039FCE1BD1457300CF147A /* UserDetail.h */,
				48039FCF1BD1457300CF147A /* UserDetail.m */,
				48FC417C1BD91157006E44B3 /* UserAlbumList.h */,
				48FC417D1BD91157006E44B3 /* UserAlbumList.m */,
			);
			name = networking;
			sourceTree = "<group>";
		};
		4820A4BB1BB00577006AEC13 /* file */ = {
			isa = PBXGroup;
			children = (
			);
			name = file;
			sourceTree = "<group>";
		};
		4820A4BC1BB00583006AEC13 /* model */ = {
			isa = PBXGroup;
			children = (
				4820A4D91BB2D352006AEC13 /* ActivityModel.h */,
				4820A4DA1BB2D352006AEC13 /* ActivityModel.m */,
				48640E9E1BD1339D0093B702 /* ActivityDetailModel.h */,
				48640E9F1BD1339D0093B702 /* ActivityDetailModel.m */,
				48039FD11BD145EC00CF147A /* UserDetailModel.h */,
				48039FD21BD145EC00CF147A /* UserDetailModel.m */,
				48FC41791BD91040006E44B3 /* AlbumModel.h */,
				48FC417A1BD91040006E44B3 /* AlbumModel.m */,
			);
			name = model;
			sourceTree = "<group>";
		};
		4820A4BD1BB0058C006AEC13 /* view */ = {
			isa = PBXGroup;
			children = (
				4820A4C41BB0069F006AEC13 /* ActivityTableViewCell.h */,
				4820A4C51BB0069F006AEC13 /* ActivityTableViewCell.m */,
				841D311A1BB1AC8B005BDEF0 /* ActivityTableViewCell.xib */,
				48640E991BCFFF930093B702 /* AlbumCoverTableViewCell.h */,
				48640E9A1BCFFF930093B702 /* AlbumCoverTableViewCell.m */,
				48640E9C1BCFFFAA0093B702 /* AlbumCoverTableViewCell.xib */,
				48039FDA1BD3F3DA00CF147A /* EnrollCollectionCell.h */,
				48039FDB1BD3F3DA00CF147A /* EnrollCollectionCell.m */,
				48039FDD1BD3F3EB00CF147A /* EnrollCollectionCell.xib */,
				48039FE11BD491F000CF147A /* EnrollCollectionView.h */,
				48039FE21BD491F000CF147A /* EnrollCollectionView.m */,
			);
			name = view;
			sourceTree = "<group>";
		};
		4820A4BE1BB00592006AEC13 /* controller */ = {
			isa = PBXGroup;
			children = (
				4820A4C11BB00667006AEC13 /* ActivityTableViewController.h */,
				4820A4C21BB00667006AEC13 /* ActivityTableViewController.m */,
				4820A4C91BB1417D006AEC13 /* RootViewController.h */,
				4820A4CA1BB1417D006AEC13 /* RootViewController.m */,
				4820A4CB1BB1417D006AEC13 /* RootViewController.xib */,
				4887F5F31BB93276009434A9 /* ActivityDetailViewController.h */,
				4887F5F41BB93276009434A9 /* ActivityDetailViewController.m */,
				4887F5F51BB93276009434A9 /* ActivityDetailViewController.xib */,
				4841A8871BCD33B400F1B4F8 /* UserCenterController.h */,
				4841A8881BCD33B400F1B4F8 /* UserCenterController.m */,
				4841A88E1BCD405600F1B4F8 /* UserCenterController.xib */,
				48640E911BCFEB220093B702 /* AlbumTableViewController.h */,
				48640E921BCFEB220093B702 /* AlbumTableViewController.m */,
				48FC417F1BDA6962006E44B3 /* LoginViewController.h */,
				48FC41801BDA6962006E44B3 /* LoginViewController.m */,
				48FC41811BDA6962006E44B3 /* LoginViewController.xib */,
			);
			name = controller;
			sourceTree = "<group>";
		};
		4820A4CE1BB25135006AEC13 /* config */ = {
			isa = PBXGroup;
			children = (
				4820A4D11BB25179006AEC13 /* GlobalConfig.h */,
			);
			name = config;
			sourceTree = "<group>";
		};
		4820A4DC1BB3D10F006AEC13 /* libs */ = {
			isa = PBXGroup;
			children = (
			);
			name = libs;
			sourceTree = "<group>";
		};
		483E17CA1BAC548E00CDDBD3 = {
			isa = PBXGroup;
			children = (
				847E183A1BDFBB3B00882D20 /* TencentOpenApi_IOS_Bundle.bundle */,
				4820A4DC1BB3D10F006AEC13 /* libs */,
				4820A4D41BB280DD006AEC13 /* uyoung.bundle */,
				483E17D51BAC548E00CDDBD3 /* uYoung */,
				483E17EF1BAC548E00CDDBD3 /* uYoungTests */,
				483E17D41BAC548E00CDDBD3 /* Products */,
				43FF4F9F80CBD86F730D18C1 /* Pods */,
				4277B826B647482D792A3320 /* Frameworks */,
			);
			sourceTree = "<group>";
		};
		483E17D41BAC548E00CDDBD3 /* Products */ = {
			isa = PBXGroup;
			children = (
				483E17D31BAC548E00CDDBD3 /* uYoung.app */,
				483E17EC1BAC548E00CDDBD3 /* uYoungTests.xctest */,
			);
			name = Products;
			sourceTree = "<group>";
		};
		483E17D51BAC548E00CDDBD3 /* uYoung */ = {
			isa = PBXGroup;
			children = (
				4820A4CE1BB25135006AEC13 /* config */,
				4820A4BE1BB00592006AEC13 /* controller */,
				4820A4BD1BB0058C006AEC13 /* view */,
				4820A4BC1BB00583006AEC13 /* model */,
				4820A4BB1BB00577006AEC13 /* file */,
				4820A4BA1BB00567006AEC13 /* networking */,
				483E17DA1BAC548E00CDDBD3 /* AppDelegate.h */,
				483E17DB1BAC548E00CDDBD3 /* AppDelegate.m */,
				483E17E01BAC548E00CDDBD3 /* Main.storyboard */,
				483E17E31BAC548E00CDDBD3 /* Images.xcassets */,
				483E17E51BAC548E00CDDBD3 /* LaunchScreen.xib */,
				483E17D61BAC548E00CDDBD3 /* Supporting Files */,
			);
			path = uYoung;
			sourceTree = "<group>";
		};
		483E17D61BAC548E00CDDBD3 /* Supporting Files */ = {
			isa = PBXGroup;
			children = (
				483E17D71BAC548E00CDDBD3 /* Info.plist */,
				483E17D81BAC548E00CDDBD3 /* main.m */,
			);
			name = "Supporting Files";
			sourceTree = "<group>";
		};
		483E17EF1BAC548E00CDDBD3 /* uYoungTests */ = {
			isa = PBXGroup;
			children = (
				483E17F21BAC548E00CDDBD3 /* uYoungTests.m */,
				483E17F01BAC548E00CDDBD3 /* Supporting Files */,
			);
			path = uYoungTests;
			sourceTree = "<group>";
		};
		483E17F01BAC548E00CDDBD3 /* Supporting Files */ = {
			isa = PBXGroup;
			children = (
				483E17F11BAC548E00CDDBD3 /* Info.plist */,
			);
			name = "Supporting Files";
			sourceTree = "<group>";
		};
/* End PBXGroup section */

/* Begin PBXNativeTarget section */
		483E17D21BAC548E00CDDBD3 /* uYoung */ = {
			isa = PBXNativeTarget;
			buildConfigurationList = 483E17F61BAC548E00CDDBD3 /* Build configuration list for PBXNativeTarget "uYoung" */;
			buildPhases = (
				69B596F72EA594C2A99819C2 /* Check Pods Manifest.lock */,
				483E17CF1BAC548E00CDDBD3 /* Sources */,
				483E17D01BAC548E00CDDBD3 /* Frameworks */,
				483E17D11BAC548E00CDDBD3 /* Resources */,
				8C033E6CAF683F8142F1067C /* Copy Pods Resources */,
			);
			buildRules = (
			);
			dependencies = (
			);
			name = uYoung;
			productName = uYoung;
			productReference = 483E17D31BAC548E00CDDBD3 /* uYoung.app */;
			productType = "com.apple.product-type.application";
		};
		483E17EB1BAC548E00CDDBD3 /* uYoungTests */ = {
			isa = PBXNativeTarget;
			buildConfigurationList = 483E17F91BAC548E00CDDBD3 /* Build configuration list for PBXNativeTarget "uYoungTests" */;
			buildPhases = (
				483E17E81BAC548E00CDDBD3 /* Sources */,
				483E17E91BAC548E00CDDBD3 /* Frameworks */,
				483E17EA1BAC548E00CDDBD3 /* Resources */,
			);
			buildRules = (
			);
			dependencies = (
				483E17EE1BAC548E00CDDBD3 /* PBXTargetDependency */,
			);
			name = uYoungTests;
			productName = uYoungTests;
			productReference = 483E17EC1BAC548E00CDDBD3 /* uYoungTests.xctest */;
			productType = "com.apple.product-type.bundle.unit-test";
		};
/* End PBXNativeTarget section */

/* Begin PBXProject section */
		483E17CB1BAC548E00CDDBD3 /* Project object */ = {
			isa = PBXProject;
			attributes = {
				LastUpgradeCheck = 0640;
				ORGANIZATIONNAME = uYoungCommon;
				TargetAttributes = {
					483E17D21BAC548E00CDDBD3 = {
						CreatedOnToolsVersion = 6.4;
						DevelopmentTeam = 839QBYS72N;
					};
					483E17EB1BAC548E00CDDBD3 = {
						CreatedOnToolsVersion = 6.4;
						TestTargetID = 483E17D21BAC548E00CDDBD3;
					};
				};
			};
			buildConfigurationList = 483E17CE1BAC548E00CDDBD3 /* Build configuration list for PBXProject "uYoung" */;
			compatibilityVersion = "Xcode 3.2";
			developmentRegion = English;
			hasScannedForEncodings = 0;
			knownRegions = (
				en,
				Base,
				"zh-Hans",
			);
			mainGroup = 483E17CA1BAC548E00CDDBD3;
			productRefGroup = 483E17D41BAC548E00CDDBD3 /* Products */;
			projectDirPath = "";
			projectRoot = "";
			targets = (
				483E17D21BAC548E00CDDBD3 /* uYoung */,
				483E17EB1BAC548E00CDDBD3 /* uYoungTests */,
			);
		};
/* End PBXProject section */

/* Begin PBXResourcesBuildPhase section */
		483E17D11BAC548E00CDDBD3 /* Resources */ = {
			isa = PBXResourcesBuildPhase;
			buildActionMask = 2147483647;
			files = (
				847E183B1BDFBB3B00882D20 /* TencentOpenApi_IOS_Bundle.bundle in Resources */,
				4887F5F71BB93276009434A9 /* ActivityDetailViewController.xib in Resources */,
				48640E9D1BCFFFAA0093B702 /* AlbumCoverTableViewCell.xib in Resources */,
				48FC41831BDA6962006E44B3 /* LoginViewController.xib in Resources */,
				4820A4D51BB280DD006AEC13 /* uyoung.bundle in Resources */,
				483E17E21BAC548E00CDDBD3 /* Main.storyboard in Resources */,
				4820A4CD1BB1417E006AEC13 /* RootViewController.xib in Resources */,
				48039FDE1BD3F3EB00CF147A /* EnrollCollectionCell.xib in Resources */,
				483E17E71BAC548E00CDDBD3 /* LaunchScreen.xib in Resources */,
				4841A88F1BCD405600F1B4F8 /* UserCenterController.xib in Resources */,
				841D311B1BB1AC8B005BDEF0 /* ActivityTableViewCell.xib in Resources */,
				483E17E41BAC548E00CDDBD3 /* Images.xcassets in Resources */,
			);
			runOnlyForDeploymentPostprocessing = 0;
		};
		483E17EA1BAC548E00CDDBD3 /* Resources */ = {
			isa = PBXResourcesBuildPhase;
			buildActionMask = 2147483647;
			files = (
			);
			runOnlyForDeploymentPostprocessing = 0;
		};
/* End PBXResourcesBuildPhase section */

/* Begin PBXShellScriptBuildPhase section */
		69B596F72EA594C2A99819C2 /* Check Pods Manifest.lock */ = {
			isa = PBXShellScriptBuildPhase;
			buildActionMask = 2147483647;
			files = (
			);
			inputPaths = (
			);
			name = "Check Pods Manifest.lock";
			outputPaths = (
			);
			runOnlyForDeploymentPostprocessing = 0;
			shellPath = /bin/sh;
			shellScript = "diff \"${PODS_ROOT}/../Podfile.lock\" \"${PODS_ROOT}/Manifest.lock\" > /dev/null\nif [[ $? != 0 ]] ; then\n    cat << EOM\nerror: The sandbox is not in sync with the Podfile.lock. Run 'pod install' or update your CocoaPods installation.\nEOM\n    exit 1\nfi\n";
			showEnvVarsInLog = 0;
		};
		8C033E6CAF683F8142F1067C /* Copy Pods Resources */ = {
			isa = PBXShellScriptBuildPhase;
			buildActionMask = 2147483647;
			files = (
			);
			inputPaths = (
			);
			name = "Copy Pods Resources";
			outputPaths = (
			);
			runOnlyForDeploymentPostprocessing = 0;
			shellPath = /bin/sh;
			shellScript = "\"${SRCROOT}/Pods/Target Support Files/Pods/Pods-resources.sh\"\n";
			showEnvVarsInLog = 0;
		};
/* End PBXShellScriptBuildPhase section */

/* Begin PBXSourcesBuildPhase section */
		483E17CF1BAC548E00CDDBD3 /* Sources */ = {
			isa = PBXSourcesBuildPhase;
			buildActionMask = 2147483647;
			files = (
				48039FDC1BD3F3DA00CF147A /* EnrollCollectionCell.m in Sources */,
				4887F5F61BB93276009434A9 /* ActivityDetailViewController.m in Sources */,
				48039FD01BD1457300CF147A /* UserDetail.m in Sources */,
				48640EA01BD1339D0093B702 /* ActivityDetailModel.m in Sources */,
				48FC41821BDA6962006E44B3 /* LoginViewController.m in Sources */,
				4820A4C31BB00667006AEC13 /* ActivityTableViewController.m in Sources */,
				48FC417B1BD91040006E44B3 /* AlbumModel.m in Sources */,
				483AFDBF1BC817DF0054985D /* ActivityList.m in Sources */,
				48FC417E1BD91157006E44B3 /* UserAlbumList.m in Sources */,
				4820A4CC1BB1417D006AEC13 /* RootViewController.m in Sources */,
				48039FE31BD491F000CF147A /* EnrollCollectionView.m in Sources */,
				4820A4DB1BB2D352006AEC13 /* ActivityModel.m in Sources */,
				48640EA31BD1361E0093B702 /* ActivityDetail.m in Sources */,
				48640E931BCFEB230093B702 /* AlbumTableViewController.m in Sources */,
				48640E9B1BCFFF930093B702 /* AlbumCoverTableViewCell.m in Sources */,
				483E17DC1BAC548E00CDDBD3 /* AppDelegate.m in Sources */,
				4841A8891BCD33B400F1B4F8 /* UserCenterController.m in Sources */,
				48039FD31BD145EC00CF147A /* UserDetailModel.m in Sources */,
				483E17D91BAC548E00CDDBD3 /* main.m in Sources */,
				4820A4C71BB0069F006AEC13 /* ActivityTableViewCell.m in Sources */,
			);
			runOnlyForDeploymentPostprocessing = 0;
		};
		483E17E81BAC548E00CDDBD3 /* Sources */ = {
			isa = PBXSourcesBuildPhase;
			buildActionMask = 2147483647;
			files = (
				483E17F31BAC548E00CDDBD3 /* uYoungTests.m in Sources */,
			);
			runOnlyForDeploymentPostprocessing = 0;
		};
/* End PBXSourcesBuildPhase section */

/* Begin PBXTargetDependency section */
		483E17EE1BAC548E00CDDBD3 /* PBXTargetDependency */ = {
			isa = PBXTargetDependency;
			target = 483E17D21BAC548E00CDDBD3 /* uYoung */;
			targetProxy = 483E17ED1BAC548E00CDDBD3 /* PBXContainerItemProxy */;
		};
/* End PBXTargetDependency section */

/* Begin PBXVariantGroup section */
		483E17E01BAC548E00CDDBD3 /* Main.storyboard */ = {
			isa = PBXVariantGroup;
			children = (
				483E17E11BAC548E00CDDBD3 /* Base */,
			);
			name = Main.storyboard;
			sourceTree = "<group>";
		};
		483E17E51BAC548E00CDDBD3 /* LaunchScreen.xib */ = {
			isa = PBXVariantGroup;
			children = (
				483E17E61BAC548E00CDDBD3 /* Base */,
			);
			name = LaunchScreen.xib;
			sourceTree = "<group>";
		};
/* End PBXVariantGroup section */

/* Begin XCBuildConfiguration section */
		483E17F41BAC548E00CDDBD3 /* Debug */ = {
			isa = XCBuildConfiguration;
			buildSettings = {
				ALWAYS_SEARCH_USER_PATHS = NO;
				CLANG_CXX_LANGUAGE_STANDARD = "gnu++0x";
				CLANG_CXX_LIBRARY = "libc++";
				CLANG_ENABLE_MODULES = YES;
				CLANG_ENABLE_OBJC_ARC = YES;
				CLANG_WARN_BOOL_CONVERSION = YES;
				CLANG_WARN_CONSTANT_CONVERSION = YES;
				CLANG_WARN_DIRECT_OBJC_ISA_USAGE = YES_ERROR;
				CLANG_WARN_EMPTY_BODY = YES;
				CLANG_WARN_ENUM_CONVERSION = YES;
				CLANG_WARN_INT_CONVERSION = YES;
				CLANG_WARN_OBJC_ROOT_CLASS = YES_ERROR;
				CLANG_WARN_UNREACHABLE_CODE = YES;
				CLANG_WARN__DUPLICATE_METHOD_MATCH = YES;
				"CODE_SIGN_IDENTITY[sdk=iphoneos*]" = "iPhone Developer";
				COPY_PHASE_STRIP = NO;
				DEBUG_INFORMATION_FORMAT = "dwarf-with-dsym";
				ENABLE_STRICT_OBJC_MSGSEND = YES;
				GCC_C_LANGUAGE_STANDARD = gnu99;
				GCC_DYNAMIC_NO_PIC = NO;
				GCC_NO_COMMON_BLOCKS = YES;
				GCC_OPTIMIZATION_LEVEL = 0;
				GCC_PREPROCESSOR_DEFINITIONS = (
					"DEBUG=1",
					"$(inherited)",
				);
				GCC_SYMBOLS_PRIVATE_EXTERN = NO;
				GCC_WARN_64_TO_32_BIT_CONVERSION = YES;
				GCC_WARN_ABOUT_RETURN_TYPE = YES_ERROR;
				GCC_WARN_UNDECLARED_SELECTOR = YES;
				GCC_WARN_UNINITIALIZED_AUTOS = YES_AGGRESSIVE;
				GCC_WARN_UNUSED_FUNCTION = YES;
				GCC_WARN_UNUSED_VARIABLE = YES;
				IPHONEOS_DEPLOYMENT_TARGET = 8.4;
				MTL_ENABLE_DEBUG_INFO = YES;
				ONLY_ACTIVE_ARCH = YES;
				SDKROOT = iphoneos;
			};
			name = Debug;
		};
		483E17F51BAC548E00CDDBD3 /* Release */ = {
			isa = XCBuildConfiguration;
			buildSettings = {
				ALWAYS_SEARCH_USER_PATHS = NO;
				CLANG_CXX_LANGUAGE_STANDARD = "gnu++0x";
				CLANG_CXX_LIBRARY = "libc++";
				CLANG_ENABLE_MODULES = YES;
				CLANG_ENABLE_OBJC_ARC = YES;
				CLANG_WARN_BOOL_CONVERSION = YES;
				CLANG_WARN_CONSTANT_CONVERSION = YES;
				CLANG_WARN_DIRECT_OBJC_ISA_USAGE = YES_ERROR;
				CLANG_WARN_EMPTY_BODY = YES;
				CLANG_WARN_ENUM_CONVERSION = YES;
				CLANG_WARN_INT_CONVERSION = YES;
				CLANG_WARN_OBJC_ROOT_CLASS = YES_ERROR;
				CLANG_WARN_UNREACHABLE_CODE = YES;
				CLANG_WARN__DUPLICATE_METHOD_MATCH = YES;
				"CODE_SIGN_IDENTITY[sdk=iphoneos*]" = "iPhone Developer";
				COPY_PHASE_STRIP = NO;
				DEBUG_INFORMATION_FORMAT = "dwarf-with-dsym";
				ENABLE_NS_ASSERTIONS = NO;
				ENABLE_STRICT_OBJC_MSGSEND = YES;
				GCC_C_LANGUAGE_STANDARD = gnu99;
				GCC_NO_COMMON_BLOCKS = YES;
				GCC_WARN_64_TO_32_BIT_CONVERSION = YES;
				GCC_WARN_ABOUT_RETURN_TYPE = YES_ERROR;
				GCC_WARN_UNDECLARED_SELECTOR = YES;
				GCC_WARN_UNINITIALIZED_AUTOS = YES_AGGRESSIVE;
				GCC_WARN_UNUSED_FUNCTION = YES;
				GCC_WARN_UNUSED_VARIABLE = YES;
				IPHONEOS_DEPLOYMENT_TARGET = 8.4;
				MTL_ENABLE_DEBUG_INFO = NO;
				SDKROOT = iphoneos;
				VALIDATE_PRODUCT = YES;
			};
			name = Release;
		};
		483E17F71BAC548E00CDDBD3 /* Debug */ = {
			isa = XCBuildConfiguration;
			baseConfigurationReference = 9D08BBB1C24791104EE7BE92 /* Pods.debug.xcconfig */;
			buildSettings = {
				ASSETCATALOG_COMPILER_APPICON_NAME = AppIcon;
				CODE_SIGN_IDENTITY = "iPhone Developer: Quan Zhao (VEB7YKB5MX)";
				ENABLE_BITCODE = NO;
				FRAMEWORK_SEARCH_PATHS = (
					"$(inherited)",
					"$(PROJECT_DIR)",
				);
				INFOPLIST_FILE = uYoung/Info.plist;
				IPHONEOS_DEPLOYMENT_TARGET = 8.2;
				LD_RUNPATH_SEARCH_PATHS = "$(inherited) @executable_path/Frameworks";
				LIBRARY_SEARCH_PATHS = (
					"$(inherited)",
					"$(PROJECT_DIR)/build/Debug-iphoneos",
					"$(PROJECT_DIR)/UMSocial_Sdk_4.3",
				);
				OTHER_LDFLAGS = (
					"$(inherited)",
					"-ObjC",
					"-all_load",
					"-l\"MobClickLibrary\"",
					"-l\"Pods-AFNetworking\"",
					"-l\"Pods-DTCoreText\"",
					"-l\"Pods-DTFoundation\"",
					"-l\"Pods-LBBlurredImage\"",
					"-l\"Pods-Mantle\"",
					"-l\"Pods-SVPullToRefresh\"",
					"-l\"Pods-SuperID\"",
					"-l\"Pods-UMengAnalytics\"",
					"-l\"SuperIDSDK\"",
					"-l\"c++\"",
					"-l\"xml2\"",
					"-l\"z\"",
					"-framework",
					"\"AVFoundation\"",
					"-framework",
					"\"Accelerate\"",
					"-framework",
					"\"CoreGraphics\"",
					"-framework",
					"\"CoreMedia\"",
					"-framework",
					"\"CoreTelephony\"",
					"-framework",
					"\"CoreText\"",
					"-framework",
					"\"Foundation\"",
					"-framework",
					"\"ImageIO\"",
					"-framework",
					"\"MediaPlayer\"",
					"-framework",
					"\"MobileCoreServices\"",
					"-framework",
					"\"QuartzCore\"",
					"-framework",
					"\"Security\"",
					"-framework",
					"\"SystemConfiguration\"",
					"-framework",
					"\"UIKit\"",
					"-fobjc-arc",
				);
				PRODUCT_NAME = "$(TARGET_NAME)";
			};
			name = Debug;
		};
		483E17F81BAC548E00CDDBD3 /* Release */ = {
			isa = XCBuildConfiguration;
			baseConfigurationReference = 3A896116CED627EBB572AEEE /* Pods.release.xcconfig */;
			buildSettings = {
				ASSETCATALOG_COMPILER_APPICON_NAME = AppIcon;
				CODE_SIGN_IDENTITY = "iPhone Developer: Quan Zhao (VEB7YKB5MX)";
				ENABLE_BITCODE = NO;
				FRAMEWORK_SEARCH_PATHS = (
					"$(inherited)",
					"$(PROJECT_DIR)",
				);
				INFOPLIST_FILE = uYoung/Info.plist;
				IPHONEOS_DEPLOYMENT_TARGET = 8.2;
				LD_RUNPATH_SEARCH_PATHS = "$(inherited) @executable_path/Frameworks";
				LIBRARY_SEARCH_PATHS = (
					"$(inherited)",
					"$(PROJECT_DIR)/build/Debug-iphoneos",
					"$(PROJECT_DIR)/UMSocial_Sdk_4.3",
				);
				OTHER_LDFLAGS = (
					"$(inherited)",
					"-ObjC",
					"-all_load",
					"-l\"MobClickLibrary\"",
					"-l\"Pods-AFNetworking\"",
					"-l\"Pods-DTCoreText\"",
					"-l\"Pods-DTFoundation\"",
					"-l\"Pods-LBBlurredImage\"",
					"-l\"Pods-Mantle\"",
					"-l\"Pods-SVPullToRefresh\"",
					"-l\"Pods-SuperID\"",
					"-l\"Pods-UMengAnalytics\"",
					"-l\"SuperIDSDK\"",
					"-l\"c++\"",
					"-l\"xml2\"",
					"-l\"z\"",
					"-framework",
					"\"AVFoundation\"",
					"-framework",
					"\"Accelerate\"",
					"-framework",
					"\"CoreGraphics\"",
					"-framework",
					"\"CoreMedia\"",
					"-framework",
					"\"CoreTelephony\"",
					"-framework",
					"\"CoreText\"",
					"-framework",
					"\"Foundation\"",
					"-framework",
					"\"ImageIO\"",
					"-framework",
					"\"MediaPlayer\"",
					"-framework",
					"\"MobileCoreServices\"",
					"-framework",
					"\"QuartzCore\"",
					"-framework",
					"\"Security\"",
					"-framework",
					"\"SystemConfiguration\"",
					"-framework",
					"\"UIKit\"",
					"-fobjc-arc",
				);
				PRODUCT_NAME = "$(TARGET_NAME)";
			};
			name = Release;
		};
		483E17FA1BAC548E00CDDBD3 /* Debug */ = {
			isa = XCBuildConfiguration;
			buildSettings = {
				BUNDLE_LOADER = "$(TEST_HOST)";
				FRAMEWORK_SEARCH_PATHS = (
					"$(SDKROOT)/Developer/Library/Frameworks",
					"$(inherited)",
				);
				GCC_PREPROCESSOR_DEFINITIONS = (
					"DEBUG=1",
					"$(inherited)",
				);
				INFOPLIST_FILE = uYoungTests/Info.plist;
				LD_RUNPATH_SEARCH_PATHS = "$(inherited) @executable_path/Frameworks @loader_path/Frameworks";
				PRODUCT_NAME = "$(TARGET_NAME)";
				TEST_HOST = "$(BUILT_PRODUCTS_DIR)/uYoung.app/uYoung";
			};
			name = Debug;
		};
		483E17FB1BAC548E00CDDBD3 /* Release */ = {
			isa = XCBuildConfiguration;
			buildSettings = {
				BUNDLE_LOADER = "$(TEST_HOST)";
				FRAMEWORK_SEARCH_PATHS = (
					"$(SDKROOT)/Developer/Library/Frameworks",
					"$(inherited)",
				);
				INFOPLIST_FILE = uYoungTests/Info.plist;
				LD_RUNPATH_SEARCH_PATHS = "$(inherited) @executable_path/Frameworks @loader_path/Frameworks";
				PRODUCT_NAME = "$(TARGET_NAME)";
				TEST_HOST = "$(BUILT_PRODUCTS_DIR)/uYoung.app/uYoung";
			};
			name = Release;
		};
/* End XCBuildConfiguration section */

/* Begin XCConfigurationList section */
		483E17CE1BAC548E00CDDBD3 /* Build configuration list for PBXProject "uYoung" */ = {
			isa = XCConfigurationList;
			buildConfigurations = (
				483E17F41BAC548E00CDDBD3 /* Debug */,
				483E17F51BAC548E00CDDBD3 /* Release */,
			);
			defaultConfigurationIsVisible = 0;
			defaultConfigurationName = Release;
		};
		483E17F61BAC548E00CDDBD3 /* Build configuration list for PBXNativeTarget "uYoung" */ = {
			isa = XCConfigurationList;
			buildConfigurations = (
				483E17F71BAC548E00CDDBD3 /* Debug */,
				483E17F81BAC548E00CDDBD3 /* Release */,
			);
			defaultConfigurationIsVisible = 0;
			defaultConfigurationName = Release;
		};
		483E17F91BAC548E00CDDBD3 /* Build configuration list for PBXNativeTarget "uYoungTests" */ = {
			isa = XCConfigurationList;
			buildConfigurations = (
				483E17FA1BAC548E00CDDBD3 /* Debug */,
				483E17FB1BAC548E00CDDBD3 /* Release */,
			);
			defaultConfigurationIsVisible = 0;
			defaultConfigurationName = Release;
		};
/* End XCConfigurationList section */
	};
	rootObject = 483E17CB1BAC548E00CDDBD3 /* Project object */;
}
